
Microsoft Visual Studio Solution File, Format Version 12.00
# Visual Studio Version 17
VisualStudioVersion = 17.10.35013.160
MinimumVisualStudioVersion = 10.0.40219.1
Project("{FAE04EC0-301F-11D3-BF4B-00C04F79EFBC}") = "MaliMaisonApi", "MaliMaisonApi.csproj", "{26641C43-355F-4109-A854-C1DD19B86288}"
EndProject
Global
	GlobalSection(SolutionConfigurationPlatforms) = preSolution
		Debug|Any CPU = Debug|Any CPU
		Release|Any CPU = Release|Any CPU
	EndGlobalSection
	GlobalSection(ProjectConfigurationPlatforms) = postSolution
		{26641C43-355F-4109-A854-C1DD19B86288}.Debug|Any CPU.ActiveCfg = Debug|Any CPU
		{26641C43-355F-4109-A854-C1DD19B86288}.Debug|Any CPU.Build.0 = Debug|Any CPU
		{26641C43-355F-4109-A854-C1DD19B86288}.Release|Any CPU.ActiveCfg = Release|Any CPU
		{26641C43-355F-4109-A854-C1DD19B86288}.Release|Any CPU.Build.0 = Release|Any CPU
	EndGlobalSection
	GlobalSection(SolutionProperties) = preSolution
		HideSolutionNode = FALSE
	EndGlobalSection
	GlobalSection(ExtensibilityGlobals) = postSolution
		SolutionGuid = {8E227EF7-3806-44F9-8B59-9A55BA960B8B}
	EndGlobalSection
EndGlobal
